PODS:
  - Alamofire (4.9.1)
  - HandyJSON (5.0.1)
  - Kingfisher (5.12.0):
    - Kingfisher/Core (= 5.12.0)
  - Kingfisher/Core (5.12.0)
  - RxCocoa (5.0.1):
    - RxRelay (~> 5)
    - RxSwift (~> 5)
  - RxRelay (5.0.1):
    - RxSwift (~> 5)
  - RxSwift (5.0.1)
  - SnapKit (5.0.1)
  - SwiftyJSON (5.0.0)
  - Swinject (2.7.1)

DEPENDENCIES:
  - Alamofire
  - HandyJSON
  - Kingfisher
  - RxCocoa
  - RxSwift
  - SnapKit
  - SwiftyJSON
  - Swinject

SPEC REPOS:
  "git@code.byted.org:ee/pods_specs.git":
    - SnapKit
    - Swinject
  "git@code.byted.org:iOS_Library/publicthird_source_repo.git":
    - SwiftyJSON
  https://cdn.cocoapods.org/:
    - RxSwift
  https://github.com/cocoapods/specs.git:
    - Alamofire
    - HandyJSON
    - Kingfisher
    - RxCocoa
    - RxRelay

SPEC CHECKSUMS:
  Alamofire: 85e8a02c69d6020a0d734f6054870d7ecb75cf18
  HandyJSON: d45b8415c501e3affc59ca9762c1197ff0feb646
  Kingfisher: dc6e0f53bb5b12c3e75bedb0e01bbd7a640eea69
  RxCocoa: e741b9749968e8a143e2b787f1dfbff2b63d0a5c
  RxRelay: 89d54507f4fd4d969e6ec1d4bd7f3673640b4640
  RxSwift: e2dc62b366a3adf6a0be44ba9f405efd4c94e0c4
  SnapKit: 1151856f0f44d50235970e5a711db83424674c7a
  SwiftyJSON: de9f85069c6820b6dc9d5ac8fb364c8863e49b55
  Swinject: 291602aaf5195c1b2aea6fadb4817d5a1e60f982

PODFILE CHECKSUM: 982554d6f189486a0afdc8fdf74421c4c3c9983c

COCOAPODS: 1.7.5
